
Microsoft Visual Studio Solution File, Format Version 12.00
# Visual Studio Version 16
VisualStudioVersion = 16.0.28803.352
MinimumVisualStudioVersion = 10.0.40219.1
Project("{8BC9CEB8-8B4A-11D0-8D11-00A0C91BC942}") = "Dll1", "Dll1\Dll1.vcxproj", "{CE2D2727-EBF0-4AB4-A5B8-8509F9D2202F}"
EndProject
Global
	GlobalSection(SolutionConfigurationPlatforms) = preSolution
		Debug|x64 = Debug|x64
		Debug|x86 = Debug|x86
		Release|x64 = Release|x64
		Release|x86 = Release|x86
	EndGlobalSection
	GlobalSection(ProjectConfigurationPlatforms) = postSolution
		{CE2D2727-EBF0-4AB4-A5B8-8509F9D2202F}.Debug|x64.ActiveCfg = Debug|x64
		{CE2D2727-EBF0-4AB4-A5B8-8509F9D2202F}.Debug|x64.Build.0 = Debug|x64
		{CE2D2727-EBF0-4AB4-A5B8-8509F9D2202F}.Debug|x86.ActiveCfg = Debug|Win32
		{CE2D2727-EBF0-4AB4-A5B8-8509F9D2202F}.Debug|x86.Build.0 = Debug|Win32
		{CE2D2727-EBF0-4AB4-A5B8-8509F9D2202F}.Release|x64.ActiveCfg = Release|x64
		{CE2D2727-EBF0-4AB4-A5B8-8509F9D2202F}.Release|x64.Build.0 = Release|x64
		{CE2D2727-EBF0-4AB4-A5B8-8509F9D2202F}.Release|x86.ActiveCfg = Release|Win32
		{CE2D2727-EBF0-4AB4-A5B8-8509F9D2202F}.Release|x86.Build.0 = Release|Win32
	EndGlobalSection
	GlobalSection(SolutionProperties) = preSolution
		HideSolutionNode = FALSE
	EndGlobalSection
	GlobalSection(ExtensibilityGlobals) = postSolution
		SolutionGuid = {4CDBEB43-5BD0-485E-80E6-D123B761576E}
	EndGlobalSection
EndGlobal
